
Microsoft Visual Studio Solution File, Format Version 12.00
# Visual Studio Version 17
VisualStudioVersion = 17.3.32922.545
MinimumVisualStudioVersion = 10.0.40219.1
Project("{FAE04EC0-301F-11D3-BF4B-00C04F79EFBC}") = "FileLister", "FileLister.csproj", "{03C3935A-4777-4CD3-B8D0-156765BF0A25}"
EndProject
Global
	GlobalSection(SolutionConfigurationPlatforms) = preSolution
		Debug|Any CPU = Debug|Any CPU
		Release|Any CPU = Release|Any CPU
	EndGlobalSection
	GlobalSection(ProjectConfigurationPlatforms) = postSolution
		{03C3935A-4777-4CD3-B8D0-156765BF0A25}.Debug|Any CPU.ActiveCfg = Debug|Any CPU
		{03C3935A-4777-4CD3-B8D0-156765BF0A25}.Debug|Any CPU.Build.0 = Debug|Any CPU
		{03C3935A-4777-4CD3-B8D0-156765BF0A25}.Release|Any CPU.ActiveCfg = Release|Any CPU
		{03C3935A-4777-4CD3-B8D0-156765BF0A25}.Release|Any CPU.Build.0 = Release|Any CPU
	EndGlobalSection
	GlobalSection(SolutionProperties) = preSolution
		HideSolutionNode = FALSE
	EndGlobalSection
	GlobalSection(ExtensibilityGlobals) = postSolution
		SolutionGuid = {DE84AF76-9541-4E89-8222-5634A2A8AC46}
	EndGlobalSection
EndGlobal
